
Microsoft Visual Studio Solution File, Format Version 10.00
# Visual Studio 2008
Project("{FAE04EC0-301F-11D3-BF4B-00C04F79EFBC}") = "MatlabAnimation", "MatlabAnimation.csproj", "{4C50C34B-048C-4D10-AB3A-C98FF10EC41B}"
EndProject
Project("{FAE04EC0-301F-11D3-BF4B-00C04F79EFBC}") = "MatlabStarter", "MatlabStarter\MatlabStarter.csproj", "{EAE9A59F-44D4-46E2-9254-05849F76566D}"
EndProject
Global
	GlobalSection(SubversionScc) = preSolution
		Svn-Managed = True
		Manager = AnkhSVN - Subversion Support for Visual Studio
	EndGlobalSection
	GlobalSection(SolutionConfigurationPlatforms) = preSolution
		Debug|Any CPU = Debug|Any CPU
		Debug|Mixed Platforms = Debug|Mixed Platforms
		Debug|x86 = Debug|x86
		Release|Any CPU = Release|Any CPU
		Release|Mixed Platforms = Release|Mixed Platforms
		Release|x86 = Release|x86
	EndGlobalSection
	GlobalSection(ProjectConfigurationPlatforms) = postSolution
		{4C50C34B-048C-4D10-AB3A-C98FF10EC41B}.Debug|Any CPU.ActiveCfg = Debug|x86
		{4C50C34B-048C-4D10-AB3A-C98FF10EC41B}.Debug|Mixed Platforms.ActiveCfg = Debug|x86
		{4C50C34B-048C-4D10-AB3A-C98FF10EC41B}.Debug|Mixed Platforms.Build.0 = Debug|x86
		{4C50C34B-048C-4D10-AB3A-C98FF10EC41B}.Debug|x86.ActiveCfg = Debug|x86
		{4C50C34B-048C-4D10-AB3A-C98FF10EC41B}.Debug|x86.Build.0 = Debug|x86
		{4C50C34B-048C-4D10-AB3A-C98FF10EC41B}.Release|Any CPU.ActiveCfg = Release|x86
		{4C50C34B-048C-4D10-AB3A-C98FF10EC41B}.Release|Mixed Platforms.ActiveCfg = Release|x86
		{4C50C34B-048C-4D10-AB3A-C98FF10EC41B}.Release|Mixed Platforms.Build.0 = Release|x86
		{4C50C34B-048C-4D10-AB3A-C98FF10EC41B}.Release|x86.ActiveCfg = Release|x86
		{4C50C34B-048C-4D10-AB3A-C98FF10EC41B}.Release|x86.Build.0 = Release|x86
		{EAE9A59F-44D4-46E2-9254-05849F76566D}.Debug|Any CPU.ActiveCfg = Debug|Any CPU
		{EAE9A59F-44D4-46E2-9254-05849F76566D}.Debug|Any CPU.Build.0 = Debug|Any CPU
		{EAE9A59F-44D4-46E2-9254-05849F76566D}.Debug|Mixed Platforms.ActiveCfg = Debug|Any CPU
		{EAE9A59F-44D4-46E2-9254-05849F76566D}.Debug|Mixed Platforms.Build.0 = Debug|Any CPU
		{EAE9A59F-44D4-46E2-9254-05849F76566D}.Debug|x86.ActiveCfg = Debug|Any CPU
		{EAE9A59F-44D4-46E2-9254-05849F76566D}.Release|Any CPU.ActiveCfg = Release|Any CPU
		{EAE9A59F-44D4-46E2-9254-05849F76566D}.Release|Any CPU.Build.0 = Release|Any CPU
		{EAE9A59F-44D4-46E2-9254-05849F76566D}.Release|Mixed Platforms.ActiveCfg = Release|Any CPU
		{EAE9A59F-44D4-46E2-9254-05849F76566D}.Release|Mixed Platforms.Build.0 = Release|Any CPU
		{EAE9A59F-44D4-46E2-9254-05849F76566D}.Release|x86.ActiveCfg = Release|Any CPU
	EndGlobalSection
	GlobalSection(SolutionProperties) = preSolution
		HideSolutionNode = FALSE
	EndGlobalSection
EndGlobal
