<?xml version="1.0" encoding="utf-8"?>
<Project ToolsVersion="4.0" xmlns="http://schemas.microsoft.com/developer/msbuild/2003">
  <ItemGroup>
    <Filter Include="Source Files">
      <UniqueIdentifier>{92977280-a638-4508-a4ff-6e66a19cfd4f}</UniqueIdentifier>
      <Extensions>cpp;c;cxx;rc;def;r;odl;idl;hpj;bat</Extensions>
    </Filter>
    <Filter Include="Header Files">
      <UniqueIdentifier>{163edfdd-0bd6-40c2-aaca-3a14577f5cc0}</UniqueIdentifier>
      <Extensions>h;hpp;hxx;hm;inl</Extensions>
    </Filter>
    <Filter Include="Resource Files">
      <UniqueIdentifier>{11c0c930-7fab-408a-af13-d176562740e6}</UniqueIdentifier>
      <Extensions>ico;cur;bmp;dlg;rc2;rct;bin;rgs;gif;jpg;jpeg;jpe</Extensions>
    </Filter>
  </ItemGroup>
  <ItemGroup>
    <ClCompile Include="InpOut32.cpp">
      <Filter>Source Files</Filter>
    </ClCompile>
    <ClCompile Include="inpout32drv.cpp">
      <Filter>Source Files</Filter>
    </ClCompile>
    <ClCompile Include="osversion.cpp">
      <Filter>Source Files</Filter>
    </ClCompile>
    <ClCompile Include="StdAfx.cpp">
      <Filter>Source Files</Filter>
    </ClCompile>
  </ItemGroup>
  <ItemGroup>
    <None Include="inpout32drv.def">
      <Filter>Source Files</Filter>
    </None>
    <None Include="inpout32.sys" />
    <None Include="inpoutx64.sys" />
  </ItemGroup>
  <ItemGroup>
    <ResourceCompile Include="inpout32drv.rc">
      <Filter>Source Files</Filter>
    </ResourceCompile>
  </ItemGroup>
  <ItemGroup>
    <ClInclude Include="hwinterfacedrv.h">
      <Filter>Header Files</Filter>
    </ClInclude>
    <ClInclude Include="inpout32.h">
      <Filter>Header Files</Filter>
    </ClInclude>
    <ClInclude Include="resource.h">
      <Filter>Header Files</Filter>
    </ClInclude>
    <ClInclude Include="StdAfx.h">
      <Filter>Header Files</Filter>
    </ClInclude>
  </ItemGroup>
</Project>