<?xml version="1.0" encoding="utf-8"?>
<Project ToolsVersion="4.0" xmlns="http://schemas.microsoft.com/developer/msbuild/2003">
  <ItemGroup>
    <Filter Include="Source Files">
      <UniqueIdentifier>{4FC737F1-C7A5-4376-A066-2A32D752A2FF}</UniqueIdentifier>
      <Extensions>cpp;c;cxx;def;odl;idl;hpj;bat;asm;asmx</Extensions>
    </Filter>
    <Filter Include="Source Files\P300">
      <UniqueIdentifier>{a2afa9c5-464b-47c4-b7b7-24792495100e}</UniqueIdentifier>
    </Filter>
    <Filter Include="Source Files\MIFLD">
      <UniqueIdentifier>{e61f5648-fd0c-4aae-9e49-f0469bbb7917}</UniqueIdentifier>
    </Filter>
    <Filter Include="Header Files">
      <UniqueIdentifier>{93995380-89BD-4b04-88EB-625FBE52EBFB}</UniqueIdentifier>
      <Extensions>h;hpp;hxx;hm;inl;inc;xsd</Extensions>
    </Filter>
    <Filter Include="Resource Files">
      <UniqueIdentifier>{67DA6AB6-F800-4c08-8B7A-83BB121AAD01}</UniqueIdentifier>
      <Extensions>rc;ico;cur;bmp;dlg;rc2;rct;bin;rgs;gif;jpg;jpeg;jpe;resx</Extensions>
    </Filter>
  </ItemGroup>
  <ItemGroup>
    <ClCompile Include="AttentionDetection.cpp">
      <Filter>Source Files</Filter>
    </ClCompile>
    <ClCompile Include="AttentionFileterBanks.cpp">
      <Filter>Source Files</Filter>
    </ClCompile>
    <ClCompile Include="AttentionModelTraining.cpp">
      <Filter>Source Files</Filter>
    </ClCompile>
    <ClCompile Include="EEGContFile.cpp">
      <Filter>Source Files</Filter>
    </ClCompile>
    <ClCompile Include="FeaSel_MI_NBPW.cpp">
      <Filter>Source Files</Filter>
    </ClCompile>
    <ClCompile Include="FFT.cpp">
      <Filter>Source Files</Filter>
    </ClCompile>
    <ClCompile Include="FilterBankCSP.cpp">
      <Filter>Source Files</Filter>
    </ClCompile>
    <ClCompile Include="Filtering.cpp">
      <Filter>Source Files</Filter>
    </ClCompile>
    <ClCompile Include="LALib.cpp">
      <Filter>Source Files</Filter>
    </ClCompile>
    <ClCompile Include="LPC.cpp">
      <Filter>Source Files</Filter>
    </ClCompile>
    <ClCompile Include="ModTrain_FLDT.cpp">
      <Filter>Source Files</Filter>
    </ClCompile>
    <ClCompile Include="MotorImagery.cpp">
      <Filter>Source Files</Filter>
    </ClCompile>
    <ClCompile Include="MultiTimeMotorImagery.cpp">
      <Filter>Source Files</Filter>
    </ClCompile>
    <ClCompile Include="RehabMotorImage.cpp">
      <Filter>Source Files</Filter>
    </ClCompile>
    <ClCompile Include="SignalProc.cpp">
      <Filter>Source Files</Filter>
    </ClCompile>
    <ClCompile Include="SingalProc_SVD.cpp">
      <Filter>Source Files</Filter>
    </ClCompile>
    <ClCompile Include="Transformation.cpp">
      <Filter>Source Files</Filter>
    </ClCompile>
    <ClCompile Include="P300_EEG_Channel_Average.cpp">
      <Filter>Source Files\P300</Filter>
    </ClCompile>
    <ClCompile Include="P300SignalProc.cpp">
      <Filter>Source Files\P300</Filter>
    </ClCompile>
    <ClCompile Include="FLDModel.cpp">
      <Filter>Source Files\MIFLD</Filter>
    </ClCompile>
    <ClCompile Include="MIFLDClassifier.cpp">
      <Filter>Source Files\MIFLD</Filter>
    </ClCompile>
  </ItemGroup>
  <ItemGroup>
    <ClInclude Include="AttentionDetection.h">
      <Filter>Header Files</Filter>
    </ClInclude>
    <ClInclude Include="EEGContFile.h">
      <Filter>Header Files</Filter>
    </ClInclude>
    <ClInclude Include="FeedbackProcess.h">
      <Filter>Header Files</Filter>
    </ClInclude>
    <ClInclude Include="FFT.h">
      <Filter>Header Files</Filter>
    </ClInclude>
    <ClInclude Include="FilterBankCSP.h">
      <Filter>Header Files</Filter>
    </ClInclude>
    <ClInclude Include="Filtering.h">
      <Filter>Header Files</Filter>
    </ClInclude>
    <ClInclude Include="FLDModel.h">
      <Filter>Header Files</Filter>
    </ClInclude>
    <ClInclude Include="LALib.h">
      <Filter>Header Files</Filter>
    </ClInclude>
    <ClInclude Include="LPC.h">
      <Filter>Header Files</Filter>
    </ClInclude>
    <ClInclude Include="MIConcentration.h">
      <Filter>Header Files</Filter>
    </ClInclude>
    <ClInclude Include="MIFLDClassifier.h">
      <Filter>Header Files</Filter>
    </ClInclude>
    <ClInclude Include="MotorImagery.h">
      <Filter>Header Files</Filter>
    </ClInclude>
    <ClInclude Include="MultiTimeMotorImagery.h">
      <Filter>Header Files</Filter>
    </ClInclude>
    <ClInclude Include="P300SignalProc.h">
      <Filter>Header Files</Filter>
    </ClInclude>
    <ClInclude Include="RehabMotorImage.h">
      <Filter>Header Files</Filter>
    </ClInclude>
    <ClInclude Include="SignalProc.h">
      <Filter>Header Files</Filter>
    </ClInclude>
    <ClInclude Include="Transformation.h">
      <Filter>Header Files</Filter>
    </ClInclude>
    <ClInclude Include="TrigTable.h">
      <Filter>Header Files</Filter>
    </ClInclude>
  </ItemGroup>
  <ItemGroup>
    <Text Include="ReadMe.txt" />
  </ItemGroup>
</Project>